
Microsoft Visual Studio Solution File, Format Version 12.00
# Visual Studio Version 17
VisualStudioVersion = 17.11.35327.3
MinimumVisualStudioVersion = 10.0.40219.1
Project("{FAE04EC0-301F-11D3-BF4B-00C04F79EFBC}") = "BankingApp", "BankingApp\BankingApp.csproj", "{E5CB6737-FD35-44B4-BFDB-EAC3B3315D2F}"
EndProject
Global
	GlobalSection(SolutionConfigurationPlatforms) = preSolution
		Debug|Any CPU = Debug|Any CPU
		Release|Any CPU = Release|Any CPU
	EndGlobalSection
	GlobalSection(ProjectConfigurationPlatforms) = postSolution
		{E5CB6737-FD35-44B4-BFDB-EAC3B3315D2F}.Debug|Any CPU.ActiveCfg = Debug|Any CPU
		{E5CB6737-FD35-44B4-BFDB-EAC3B3315D2F}.Debug|Any CPU.Build.0 = Debug|Any CPU
		{E5CB6737-FD35-44B4-BFDB-EAC3B3315D2F}.Release|Any CPU.ActiveCfg = Release|Any CPU
		{E5CB6737-FD35-44B4-BFDB-EAC3B3315D2F}.Release|Any CPU.Build.0 = Release|Any CPU
	EndGlobalSection
	GlobalSection(SolutionProperties) = preSolution
		HideSolutionNode = FALSE
	EndGlobalSection
	GlobalSection(ExtensibilityGlobals) = postSolution
		SolutionGuid = {8362EC08-A17B-4A13-9869-0CDA356C945A}
	EndGlobalSection
EndGlobal
